
Microsoft Visual Studio Solution File, Format Version 12.00
Project("{2150E333-8FDC-42A3-9474-1A3956D46DE8}") = "src", "src", "{268D4C2A-305D-42B2-A77B-9BE11087DE7C}"
EndProject
Project("{2150E333-8FDC-42A3-9474-1A3956D46DE8}") = "tests", "tests", "{D4CF4661-E8A0-4013-BE0D-C037BDEEE6A5}"
EndProject
Project("{FAE04EC0-301F-11D3-BF4B-00C04F79EFBC}") = "ArchitectureTests", "tests\ArchitectureTests\ArchitectureTests.csproj", "{B6594A08-A062-4CD6-BD41-B04FB6AE423C}"
EndProject
Project("{FAE04EC0-301F-11D3-BF4B-00C04F79EFBC}") = "UnitTests", "tests\UnitTests\UnitTests.csproj", "{71F0E9C7-333E-4D56-AC55-1681F2F6ED70}"
EndProject
Project("{FAE04EC0-301F-11D3-BF4B-00C04F79EFBC}") = "IntegrationTests", "tests\IntegrationTests\IntegrationTests.csproj", "{E941BBC3-B810-4941-889F-4209258D690F}"
EndProject
Project("{2150E333-8FDC-42A3-9474-1A3956D46DE8}") = "Bootstrapper", "Bootstrapper", "{B1B3714D-B747-461B-9766-ECC729B72AD8}"
EndProject
Project("{FAE04EC0-301F-11D3-BF4B-00C04F79EFBC}") = "Host.Api", "src\Bootstrapper\Host.Api\Host.Api.csproj", "{4D34BF75-F1E0-4A0D-8A90-C60EBAF14586}"
EndProject
Project("{2150E333-8FDC-42A3-9474-1A3956D46DE8}") = "BuildingBlocks", "BuildingBlocks", "{D9710DFD-E5C2-44D7-ADA9-04A8264FB254}"
EndProject
Project("{FAE04EC0-301F-11D3-BF4B-00C04F79EFBC}") = "BuildingBlocks.Application", "src\BuildingBlocks\BuildingBlocks.Application\BuildingBlocks.Application\BuildingBlocks.Application.csproj", "{332D3285-AB10-497C-9EA9-924F76F3A72E}"
EndProject
Project("{FAE04EC0-301F-11D3-BF4B-00C04F79EFBC}") = "BuildingBlocks.Domain", "src\BuildingBlocks\BuildingBlocks.Domain\BuildingBlocks.Domain\BuildingBlocks.Domain.csproj", "{E2F9A74E-8A09-4A00-BF5D-E55FA789A783}"
EndProject
Project("{FAE04EC0-301F-11D3-BF4B-00C04F79EFBC}") = "BuildingBlocks.Infrastructure", "src\BuildingBlocks\BuildingBlocks.Infrastructure\BuildingBlocks.Infrastructure\BuildingBlocks.Infrastructure.csproj", "{E96D767E-9226-4D71-9C5A-18FCD30CD63D}"
EndProject
Project("{2150E333-8FDC-42A3-9474-1A3956D46DE8}") = "Modules", "Modules", "{D2BB50AB-A1F3-432A-AEA2-640D56A3E775}"
EndProject
Project("{2150E333-8FDC-42A3-9474-1A3956D46DE8}") = "Reference", "Reference", "{BFE8ED4F-D878-4CE8-9250-E55488AAF2AA}"
EndProject
Project("{FAE04EC0-301F-11D3-BF4B-00C04F79EFBC}") = "Reference.Api", "src\Modules\Reference\Reference.Api\Reference.Api\Reference.Api.csproj", "{FC0E7AA8-3F8F-4648-9358-946C8FE73D50}"
EndProject
Project("{FAE04EC0-301F-11D3-BF4B-00C04F79EFBC}") = "Reference.Application", "src\Modules\Reference\Reference.Application\Reference.Application\Reference.Application.csproj", "{901B2641-2CA5-4FDF-8379-023499C6E3A5}"
EndProject
Project("{FAE04EC0-301F-11D3-BF4B-00C04F79EFBC}") = "Reference.Domain", "src\Modules\Reference\Reference.Domain\Reference.Domain\Reference.Domain.csproj", "{59EAD250-214E-4FC5-AC00-7545F620D23A}"
EndProject
Project("{FAE04EC0-301F-11D3-BF4B-00C04F79EFBC}") = "Reference.Infrastructure", "src\Modules\Reference\Reference.Infrastructure\Reference.Infrastructure\Reference.Infrastructure.csproj", "{E09498F1-61E8-4677-99D0-FED72A9820E4}"
EndProject
Project("{2150E333-8FDC-42A3-9474-1A3956D46DE8}") = "Crm", "Crm", "{BBCA28FA-F991-42CD-AF6A-E60D4F39CBAA}"
EndProject
Project("{FAE04EC0-301F-11D3-BF4B-00C04F79EFBC}") = "Crm.Api", "src\Modules\Crm\Crm.Api\Crm.Api\Crm.Api.csproj", "{B01423E6-CAE9-4E55-A14D-9FEEA99C48D7}"
EndProject
Project("{FAE04EC0-301F-11D3-BF4B-00C04F79EFBC}") = "Crm.Application", "src\Modules\Crm\Crm.Application\Crm.Application\Crm.Application.csproj", "{8C2385CB-FE75-48AC-BC19-C4623B3A32DE}"
EndProject
Project("{FAE04EC0-301F-11D3-BF4B-00C04F79EFBC}") = "Crm.Domain", "src\Modules\Crm\Crm.Domain\Crm.Domain\Crm.Domain.csproj", "{5D913649-4BC6-4780-A3F0-BF5C87E7AE7C}"
EndProject
Project("{FAE04EC0-301F-11D3-BF4B-00C04F79EFBC}") = "Crm.Infrastructure", "src\Modules\Crm\Crm.Infrastructure\Crm.Infrastructure\Crm.Infrastructure.csproj", "{89E0439E-F19F-43B7-B710-059D1F03F786}"
EndProject
Project("{2150E333-8FDC-42A3-9474-1A3956D46DE8}") = "Identity", "Identity", "{91603986-ACA0-431A-B5CF-83F098F192CA}"
EndProject
Project("{FAE04EC0-301F-11D3-BF4B-00C04F79EFBC}") = "Identity.Application", "src\Modules\Identity\Identity.Application\Identity.Application\Identity.Application.csproj", "{0D8F8E8B-9256-4502-8000-6DBBDB5F8648}"
EndProject
Project("{FAE04EC0-301F-11D3-BF4B-00C04F79EFBC}") = "Identity.Domain", "src\Modules\Identity\Identity.Domain\Identity.Domain\Identity.Domain.csproj", "{AFE751D5-65D1-4F2A-ABC7-FD8EDAF94F9B}"
EndProject
Project("{FAE04EC0-301F-11D3-BF4B-00C04F79EFBC}") = "Identity.Infrastructure", "src\Modules\Identity\Identity.Infrastructure\Identity.Infrastructure\Identity.Infrastructure.csproj", "{33C67A8A-7675-4A26-A2C3-E2737D5CB8A4}"
EndProject
Project("{2150E333-8FDC-42A3-9474-1A3956D46DE8}") = "Accounting", "Accounting", "{57FE34C6-B9FE-4FF2-8810-64AB31A626F9}"
EndProject
Project("{FAE04EC0-301F-11D3-BF4B-00C04F79EFBC}") = "Accounting.Api", "src\Modules\Accounting\Accounting.Api\Accounting.Api\Accounting.Api.csproj", "{CDC47800-C7C1-4733-872C-D1608E582523}"
EndProject
Project("{FAE04EC0-301F-11D3-BF4B-00C04F79EFBC}") = "Accounting.Application", "src\Modules\Accounting\Accounting.Application\Accounting.Application\Accounting.Application.csproj", "{3D67F460-5333-4AA2-991A-DA6677B04A90}"
EndProject
Project("{FAE04EC0-301F-11D3-BF4B-00C04F79EFBC}") = "Accounting.Domain", "src\Modules\Accounting\Accounting.Domain\Accounting.Domain\Accounting.Domain.csproj", "{0FD5AF9B-6137-471B-B2C2-24EECE9AF987}"
EndProject
Project("{FAE04EC0-301F-11D3-BF4B-00C04F79EFBC}") = "Accounting.Infrastructure", "src\Modules\Accounting\Accounting.Infrastructure\Accounting.Infrastructure\Accounting.Infrastructure.csproj", "{EBD881D4-0A74-4F07-A36B-E60B02298D25}"
EndProject
Project("{FAE04EC0-301F-11D3-BF4B-00C04F79EFBC}") = "Host.Seed", "src\Bootstrapper\Host.Seed\Host.Seed.csproj", "{9D2753D0-6A3E-4936-8157-DDE1202C65CA}"
EndProject
Project("{FAE04EC0-301F-11D3-BF4B-00C04F79EFBC}") = "Identity.Api", "src\Modules\Identity\Identity.Api\Identity.Api\Identity.Api.csproj", "{C6693837-CE7A-4C35-941F-625EC0E795D6}"
EndProject
Project("{FAE04EC0-301F-11D3-BF4B-00C04F79EFBC}") = "BuildingBlocks.Api", "src\BuildingBlocks\BuildingBlocks.Api\BuildingBlocks.Api.csproj", "{406D7E07-2E7E-4CE0-97A5-2C741553E5F3}"
EndProject
Project("{2150E333-8FDC-42A3-9474-1A3956D46DE8}") = "Catalog", "Catalog", "{21B4C3FE-452D-4C62-BB6A-41C305460A22}"
EndProject
Project("{FAE04EC0-301F-11D3-BF4B-00C04F79EFBC}") = "Catalog.Api", "src\Modules\Catalog\Catalog.Api\Catalog.Api\Catalog.Api.csproj", "{B02FF474-912D-4498-8734-13478116D82B}"
EndProject
Project("{FAE04EC0-301F-11D3-BF4B-00C04F79EFBC}") = "Catalog.Application", "src\Modules\Catalog\Catalog.Application\Catalog.Application\Catalog.Application.csproj", "{1E9FDCFF-7DC2-48CF-B5D0-41BADC81C890}"
EndProject
Project("{FAE04EC0-301F-11D3-BF4B-00C04F79EFBC}") = "Catalog.Domain", "src\Modules\Catalog\Catalog.Domain\Catalog.Domain\Catalog.Domain.csproj", "{61D016CC-131F-433D-9CEB-CB8C5BC8399D}"
EndProject
Project("{FAE04EC0-301F-11D3-BF4B-00C04F79EFBC}") = "Catalog.Infrastructure", "src\Modules\Catalog\Catalog.Infrastructure\Catalog.Infrastructure\Catalog.Infrastructure.csproj", "{FDC8D85D-C82F-468D-A86A-107FAB08C2C6}"
EndProject
Global
	GlobalSection(SolutionConfigurationPlatforms) = preSolution
		Debug|Any CPU = Debug|Any CPU
		Release|Any CPU = Release|Any CPU
	EndGlobalSection
	GlobalSection(NestedProjects) = preSolution
		{B6594A08-A062-4CD6-BD41-B04FB6AE423C} = {D4CF4661-E8A0-4013-BE0D-C037BDEEE6A5}
		{71F0E9C7-333E-4D56-AC55-1681F2F6ED70} = {D4CF4661-E8A0-4013-BE0D-C037BDEEE6A5}
		{E941BBC3-B810-4941-889F-4209258D690F} = {D4CF4661-E8A0-4013-BE0D-C037BDEEE6A5}
		{B1B3714D-B747-461B-9766-ECC729B72AD8} = {268D4C2A-305D-42B2-A77B-9BE11087DE7C}
		{4D34BF75-F1E0-4A0D-8A90-C60EBAF14586} = {B1B3714D-B747-461B-9766-ECC729B72AD8}
		{D9710DFD-E5C2-44D7-ADA9-04A8264FB254} = {268D4C2A-305D-42B2-A77B-9BE11087DE7C}
		{332D3285-AB10-497C-9EA9-924F76F3A72E} = {D9710DFD-E5C2-44D7-ADA9-04A8264FB254}
		{E2F9A74E-8A09-4A00-BF5D-E55FA789A783} = {D9710DFD-E5C2-44D7-ADA9-04A8264FB254}
		{E96D767E-9226-4D71-9C5A-18FCD30CD63D} = {D9710DFD-E5C2-44D7-ADA9-04A8264FB254}
		{D2BB50AB-A1F3-432A-AEA2-640D56A3E775} = {268D4C2A-305D-42B2-A77B-9BE11087DE7C}
		{BFE8ED4F-D878-4CE8-9250-E55488AAF2AA} = {D2BB50AB-A1F3-432A-AEA2-640D56A3E775}
		{FC0E7AA8-3F8F-4648-9358-946C8FE73D50} = {BFE8ED4F-D878-4CE8-9250-E55488AAF2AA}
		{901B2641-2CA5-4FDF-8379-023499C6E3A5} = {BFE8ED4F-D878-4CE8-9250-E55488AAF2AA}
		{59EAD250-214E-4FC5-AC00-7545F620D23A} = {BFE8ED4F-D878-4CE8-9250-E55488AAF2AA}
		{E09498F1-61E8-4677-99D0-FED72A9820E4} = {BFE8ED4F-D878-4CE8-9250-E55488AAF2AA}
		{BBCA28FA-F991-42CD-AF6A-E60D4F39CBAA} = {D2BB50AB-A1F3-432A-AEA2-640D56A3E775}
		{B01423E6-CAE9-4E55-A14D-9FEEA99C48D7} = {BBCA28FA-F991-42CD-AF6A-E60D4F39CBAA}
		{8C2385CB-FE75-48AC-BC19-C4623B3A32DE} = {BBCA28FA-F991-42CD-AF6A-E60D4F39CBAA}
		{5D913649-4BC6-4780-A3F0-BF5C87E7AE7C} = {BBCA28FA-F991-42CD-AF6A-E60D4F39CBAA}
		{89E0439E-F19F-43B7-B710-059D1F03F786} = {BBCA28FA-F991-42CD-AF6A-E60D4F39CBAA}
		{91603986-ACA0-431A-B5CF-83F098F192CA} = {D2BB50AB-A1F3-432A-AEA2-640D56A3E775}
		{0D8F8E8B-9256-4502-8000-6DBBDB5F8648} = {91603986-ACA0-431A-B5CF-83F098F192CA}
		{AFE751D5-65D1-4F2A-ABC7-FD8EDAF94F9B} = {91603986-ACA0-431A-B5CF-83F098F192CA}
		{33C67A8A-7675-4A26-A2C3-E2737D5CB8A4} = {91603986-ACA0-431A-B5CF-83F098F192CA}
		{57FE34C6-B9FE-4FF2-8810-64AB31A626F9} = {D2BB50AB-A1F3-432A-AEA2-640D56A3E775}
		{CDC47800-C7C1-4733-872C-D1608E582523} = {57FE34C6-B9FE-4FF2-8810-64AB31A626F9}
		{3D67F460-5333-4AA2-991A-DA6677B04A90} = {57FE34C6-B9FE-4FF2-8810-64AB31A626F9}
		{0FD5AF9B-6137-471B-B2C2-24EECE9AF987} = {57FE34C6-B9FE-4FF2-8810-64AB31A626F9}
		{EBD881D4-0A74-4F07-A36B-E60B02298D25} = {57FE34C6-B9FE-4FF2-8810-64AB31A626F9}
		{9D2753D0-6A3E-4936-8157-DDE1202C65CA} = {B1B3714D-B747-461B-9766-ECC729B72AD8}
		{C6693837-CE7A-4C35-941F-625EC0E795D6} = {91603986-ACA0-431A-B5CF-83F098F192CA}
		{406D7E07-2E7E-4CE0-97A5-2C741553E5F3} = {D9710DFD-E5C2-44D7-ADA9-04A8264FB254}
		{21B4C3FE-452D-4C62-BB6A-41C305460A22} = {D2BB50AB-A1F3-432A-AEA2-640D56A3E775}
		{B02FF474-912D-4498-8734-13478116D82B} = {21B4C3FE-452D-4C62-BB6A-41C305460A22}
		{1E9FDCFF-7DC2-48CF-B5D0-41BADC81C890} = {21B4C3FE-452D-4C62-BB6A-41C305460A22}
		{61D016CC-131F-433D-9CEB-CB8C5BC8399D} = {21B4C3FE-452D-4C62-BB6A-41C305460A22}
		{FDC8D85D-C82F-468D-A86A-107FAB08C2C6} = {21B4C3FE-452D-4C62-BB6A-41C305460A22}
	EndGlobalSection
	GlobalSection(ProjectConfigurationPlatforms) = postSolution
		{B6594A08-A062-4CD6-BD41-B04FB6AE423C}.Debug|Any CPU.ActiveCfg = Debug|Any CPU
		{B6594A08-A062-4CD6-BD41-B04FB6AE423C}.Debug|Any CPU.Build.0 = Debug|Any CPU
		{B6594A08-A062-4CD6-BD41-B04FB6AE423C}.Release|Any CPU.ActiveCfg = Release|Any CPU
		{B6594A08-A062-4CD6-BD41-B04FB6AE423C}.Release|Any CPU.Build.0 = Release|Any CPU
		{71F0E9C7-333E-4D56-AC55-1681F2F6ED70}.Debug|Any CPU.ActiveCfg = Debug|Any CPU
		{71F0E9C7-333E-4D56-AC55-1681F2F6ED70}.Debug|Any CPU.Build.0 = Debug|Any CPU
		{71F0E9C7-333E-4D56-AC55-1681F2F6ED70}.Release|Any CPU.ActiveCfg = Release|Any CPU
		{71F0E9C7-333E-4D56-AC55-1681F2F6ED70}.Release|Any CPU.Build.0 = Release|Any CPU
		{E941BBC3-B810-4941-889F-4209258D690F}.Debug|Any CPU.ActiveCfg = Debug|Any CPU
		{E941BBC3-B810-4941-889F-4209258D690F}.Debug|Any CPU.Build.0 = Debug|Any CPU
		{E941BBC3-B810-4941-889F-4209258D690F}.Release|Any CPU.ActiveCfg = Release|Any CPU
		{E941BBC3-B810-4941-889F-4209258D690F}.Release|Any CPU.Build.0 = Release|Any CPU
		{4D34BF75-F1E0-4A0D-8A90-C60EBAF14586}.Debug|Any CPU.ActiveCfg = Debug|Any CPU
		{4D34BF75-F1E0-4A0D-8A90-C60EBAF14586}.Debug|Any CPU.Build.0 = Debug|Any CPU
		{4D34BF75-F1E0-4A0D-8A90-C60EBAF14586}.Release|Any CPU.ActiveCfg = Release|Any CPU
		{4D34BF75-F1E0-4A0D-8A90-C60EBAF14586}.Release|Any CPU.Build.0 = Release|Any CPU
		{332D3285-AB10-497C-9EA9-924F76F3A72E}.Debug|Any CPU.ActiveCfg = Debug|Any CPU
		{332D3285-AB10-497C-9EA9-924F76F3A72E}.Debug|Any CPU.Build.0 = Debug|Any CPU
		{332D3285-AB10-497C-9EA9-924F76F3A72E}.Release|Any CPU.ActiveCfg = Release|Any CPU
		{332D3285-AB10-497C-9EA9-924F76F3A72E}.Release|Any CPU.Build.0 = Release|Any CPU
		{E2F9A74E-8A09-4A00-BF5D-E55FA789A783}.Debug|Any CPU.ActiveCfg = Debug|Any CPU
		{E2F9A74E-8A09-4A00-BF5D-E55FA789A783}.Debug|Any CPU.Build.0 = Debug|Any CPU
		{E2F9A74E-8A09-4A00-BF5D-E55FA789A783}.Release|Any CPU.ActiveCfg = Release|Any CPU
		{E2F9A74E-8A09-4A00-BF5D-E55FA789A783}.Release|Any CPU.Build.0 = Release|Any CPU
		{E96D767E-9226-4D71-9C5A-18FCD30CD63D}.Debug|Any CPU.ActiveCfg = Debug|Any CPU
		{E96D767E-9226-4D71-9C5A-18FCD30CD63D}.Debug|Any CPU.Build.0 = Debug|Any CPU
		{E96D767E-9226-4D71-9C5A-18FCD30CD63D}.Release|Any CPU.ActiveCfg = Release|Any CPU
		{E96D767E-9226-4D71-9C5A-18FCD30CD63D}.Release|Any CPU.Build.0 = Release|Any CPU
		{FC0E7AA8-3F8F-4648-9358-946C8FE73D50}.Debug|Any CPU.ActiveCfg = Debug|Any CPU
		{FC0E7AA8-3F8F-4648-9358-946C8FE73D50}.Debug|Any CPU.Build.0 = Debug|Any CPU
		{FC0E7AA8-3F8F-4648-9358-946C8FE73D50}.Release|Any CPU.ActiveCfg = Release|Any CPU
		{FC0E7AA8-3F8F-4648-9358-946C8FE73D50}.Release|Any CPU.Build.0 = Release|Any CPU
		{901B2641-2CA5-4FDF-8379-023499C6E3A5}.Debug|Any CPU.ActiveCfg = Debug|Any CPU
		{901B2641-2CA5-4FDF-8379-023499C6E3A5}.Debug|Any CPU.Build.0 = Debug|Any CPU
		{901B2641-2CA5-4FDF-8379-023499C6E3A5}.Release|Any CPU.ActiveCfg = Release|Any CPU
		{901B2641-2CA5-4FDF-8379-023499C6E3A5}.Release|Any CPU.Build.0 = Release|Any CPU
		{59EAD250-214E-4FC5-AC00-7545F620D23A}.Debug|Any CPU.ActiveCfg = Debug|Any CPU
		{59EAD250-214E-4FC5-AC00-7545F620D23A}.Debug|Any CPU.Build.0 = Debug|Any CPU
		{59EAD250-214E-4FC5-AC00-7545F620D23A}.Release|Any CPU.ActiveCfg = Release|Any CPU
		{59EAD250-214E-4FC5-AC00-7545F620D23A}.Release|Any CPU.Build.0 = Release|Any CPU
		{E09498F1-61E8-4677-99D0-FED72A9820E4}.Debug|Any CPU.ActiveCfg = Debug|Any CPU
		{E09498F1-61E8-4677-99D0-FED72A9820E4}.Debug|Any CPU.Build.0 = Debug|Any CPU
		{E09498F1-61E8-4677-99D0-FED72A9820E4}.Release|Any CPU.ActiveCfg = Release|Any CPU
		{E09498F1-61E8-4677-99D0-FED72A9820E4}.Release|Any CPU.Build.0 = Release|Any CPU
		{B01423E6-CAE9-4E55-A14D-9FEEA99C48D7}.Debug|Any CPU.ActiveCfg = Debug|Any CPU
		{B01423E6-CAE9-4E55-A14D-9FEEA99C48D7}.Debug|Any CPU.Build.0 = Debug|Any CPU
		{B01423E6-CAE9-4E55-A14D-9FEEA99C48D7}.Release|Any CPU.ActiveCfg = Release|Any CPU
		{B01423E6-CAE9-4E55-A14D-9FEEA99C48D7}.Release|Any CPU.Build.0 = Release|Any CPU
		{8C2385CB-FE75-48AC-BC19-C4623B3A32DE}.Debug|Any CPU.ActiveCfg = Debug|Any CPU
		{8C2385CB-FE75-48AC-BC19-C4623B3A32DE}.Debug|Any CPU.Build.0 = Debug|Any CPU
		{8C2385CB-FE75-48AC-BC19-C4623B3A32DE}.Release|Any CPU.ActiveCfg = Release|Any CPU
		{8C2385CB-FE75-48AC-BC19-C4623B3A32DE}.Release|Any CPU.Build.0 = Release|Any CPU
		{5D913649-4BC6-4780-A3F0-BF5C87E7AE7C}.Debug|Any CPU.ActiveCfg = Debug|Any CPU
		{5D913649-4BC6-4780-A3F0-BF5C87E7AE7C}.Debug|Any CPU.Build.0 = Debug|Any CPU
		{5D913649-4BC6-4780-A3F0-BF5C87E7AE7C}.Release|Any CPU.ActiveCfg = Release|Any CPU
		{5D913649-4BC6-4780-A3F0-BF5C87E7AE7C}.Release|Any CPU.Build.0 = Release|Any CPU
		{89E0439E-F19F-43B7-B710-059D1F03F786}.Debug|Any CPU.ActiveCfg = Debug|Any CPU
		{89E0439E-F19F-43B7-B710-059D1F03F786}.Debug|Any CPU.Build.0 = Debug|Any CPU
		{89E0439E-F19F-43B7-B710-059D1F03F786}.Release|Any CPU.ActiveCfg = Release|Any CPU
		{89E0439E-F19F-43B7-B710-059D1F03F786}.Release|Any CPU.Build.0 = Release|Any CPU
		{0D8F8E8B-9256-4502-8000-6DBBDB5F8648}.Debug|Any CPU.ActiveCfg = Debug|Any CPU
		{0D8F8E8B-9256-4502-8000-6DBBDB5F8648}.Debug|Any CPU.Build.0 = Debug|Any CPU
		{0D8F8E8B-9256-4502-8000-6DBBDB5F8648}.Release|Any CPU.ActiveCfg = Release|Any CPU
		{0D8F8E8B-9256-4502-8000-6DBBDB5F8648}.Release|Any CPU.Build.0 = Release|Any CPU
		{AFE751D5-65D1-4F2A-ABC7-FD8EDAF94F9B}.Debug|Any CPU.ActiveCfg = Debug|Any CPU
		{AFE751D5-65D1-4F2A-ABC7-FD8EDAF94F9B}.Debug|Any CPU.Build.0 = Debug|Any CPU
		{AFE751D5-65D1-4F2A-ABC7-FD8EDAF94F9B}.Release|Any CPU.ActiveCfg = Release|Any CPU
		{AFE751D5-65D1-4F2A-ABC7-FD8EDAF94F9B}.Release|Any CPU.Build.0 = Release|Any CPU
		{33C67A8A-7675-4A26-A2C3-E2737D5CB8A4}.Debug|Any CPU.ActiveCfg = Debug|Any CPU
		{33C67A8A-7675-4A26-A2C3-E2737D5CB8A4}.Debug|Any CPU.Build.0 = Debug|Any CPU
		{33C67A8A-7675-4A26-A2C3-E2737D5CB8A4}.Release|Any CPU.ActiveCfg = Release|Any CPU
		{33C67A8A-7675-4A26-A2C3-E2737D5CB8A4}.Release|Any CPU.Build.0 = Release|Any CPU
		{CDC47800-C7C1-4733-872C-D1608E582523}.Debug|Any CPU.ActiveCfg = Debug|Any CPU
		{CDC47800-C7C1-4733-872C-D1608E582523}.Debug|Any CPU.Build.0 = Debug|Any CPU
		{CDC47800-C7C1-4733-872C-D1608E582523}.Release|Any CPU.ActiveCfg = Release|Any CPU
		{CDC47800-C7C1-4733-872C-D1608E582523}.Release|Any CPU.Build.0 = Release|Any CPU
		{3D67F460-5333-4AA2-991A-DA6677B04A90}.Debug|Any CPU.ActiveCfg = Debug|Any CPU
		{3D67F460-5333-4AA2-991A-DA6677B04A90}.Debug|Any CPU.Build.0 = Debug|Any CPU
		{3D67F460-5333-4AA2-991A-DA6677B04A90}.Release|Any CPU.ActiveCfg = Release|Any CPU
		{3D67F460-5333-4AA2-991A-DA6677B04A90}.Release|Any CPU.Build.0 = Release|Any CPU
		{0FD5AF9B-6137-471B-B2C2-24EECE9AF987}.Debug|Any CPU.ActiveCfg = Debug|Any CPU
		{0FD5AF9B-6137-471B-B2C2-24EECE9AF987}.Debug|Any CPU.Build.0 = Debug|Any CPU
		{0FD5AF9B-6137-471B-B2C2-24EECE9AF987}.Release|Any CPU.ActiveCfg = Release|Any CPU
		{0FD5AF9B-6137-471B-B2C2-24EECE9AF987}.Release|Any CPU.Build.0 = Release|Any CPU
		{EBD881D4-0A74-4F07-A36B-E60B02298D25}.Debug|Any CPU.ActiveCfg = Debug|Any CPU
		{EBD881D4-0A74-4F07-A36B-E60B02298D25}.Debug|Any CPU.Build.0 = Debug|Any CPU
		{EBD881D4-0A74-4F07-A36B-E60B02298D25}.Release|Any CPU.ActiveCfg = Release|Any CPU
		{EBD881D4-0A74-4F07-A36B-E60B02298D25}.Release|Any CPU.Build.0 = Release|Any CPU
		{9D2753D0-6A3E-4936-8157-DDE1202C65CA}.Debug|Any CPU.ActiveCfg = Debug|Any CPU
		{9D2753D0-6A3E-4936-8157-DDE1202C65CA}.Debug|Any CPU.Build.0 = Debug|Any CPU
		{9D2753D0-6A3E-4936-8157-DDE1202C65CA}.Release|Any CPU.ActiveCfg = Release|Any CPU
		{9D2753D0-6A3E-4936-8157-DDE1202C65CA}.Release|Any CPU.Build.0 = Release|Any CPU
		{C6693837-CE7A-4C35-941F-625EC0E795D6}.Debug|Any CPU.ActiveCfg = Debug|Any CPU
		{C6693837-CE7A-4C35-941F-625EC0E795D6}.Debug|Any CPU.Build.0 = Debug|Any CPU
		{C6693837-CE7A-4C35-941F-625EC0E795D6}.Release|Any CPU.ActiveCfg = Release|Any CPU
		{C6693837-CE7A-4C35-941F-625EC0E795D6}.Release|Any CPU.Build.0 = Release|Any CPU
		{406D7E07-2E7E-4CE0-97A5-2C741553E5F3}.Debug|Any CPU.ActiveCfg = Debug|Any CPU
		{406D7E07-2E7E-4CE0-97A5-2C741553E5F3}.Debug|Any CPU.Build.0 = Debug|Any CPU
		{406D7E07-2E7E-4CE0-97A5-2C741553E5F3}.Release|Any CPU.ActiveCfg = Release|Any CPU
		{406D7E07-2E7E-4CE0-97A5-2C741553E5F3}.Release|Any CPU.Build.0 = Release|Any CPU
		{B02FF474-912D-4498-8734-13478116D82B}.Debug|Any CPU.ActiveCfg = Debug|Any CPU
		{B02FF474-912D-4498-8734-13478116D82B}.Debug|Any CPU.Build.0 = Debug|Any CPU
		{B02FF474-912D-4498-8734-13478116D82B}.Release|Any CPU.ActiveCfg = Release|Any CPU
		{B02FF474-912D-4498-8734-13478116D82B}.Release|Any CPU.Build.0 = Release|Any CPU
		{1E9FDCFF-7DC2-48CF-B5D0-41BADC81C890}.Debug|Any CPU.ActiveCfg = Debug|Any CPU
		{1E9FDCFF-7DC2-48CF-B5D0-41BADC81C890}.Debug|Any CPU.Build.0 = Debug|Any CPU
		{1E9FDCFF-7DC2-48CF-B5D0-41BADC81C890}.Release|Any CPU.ActiveCfg = Release|Any CPU
		{1E9FDCFF-7DC2-48CF-B5D0-41BADC81C890}.Release|Any CPU.Build.0 = Release|Any CPU
		{61D016CC-131F-433D-9CEB-CB8C5BC8399D}.Debug|Any CPU.ActiveCfg = Debug|Any CPU
		{61D016CC-131F-433D-9CEB-CB8C5BC8399D}.Debug|Any CPU.Build.0 = Debug|Any CPU
		{61D016CC-131F-433D-9CEB-CB8C5BC8399D}.Release|Any CPU.ActiveCfg = Release|Any CPU
		{61D016CC-131F-433D-9CEB-CB8C5BC8399D}.Release|Any CPU.Build.0 = Release|Any CPU
		{FDC8D85D-C82F-468D-A86A-107FAB08C2C6}.Debug|Any CPU.ActiveCfg = Debug|Any CPU
		{FDC8D85D-C82F-468D-A86A-107FAB08C2C6}.Debug|Any CPU.Build.0 = Debug|Any CPU
		{FDC8D85D-C82F-468D-A86A-107FAB08C2C6}.Release|Any CPU.ActiveCfg = Release|Any CPU
		{FDC8D85D-C82F-468D-A86A-107FAB08C2C6}.Release|Any CPU.Build.0 = Release|Any CPU
	EndGlobalSection
EndGlobal
